
Microsoft Visual Studio Solution File, Format Version 12.00
# Visual Studio 2013
VisualStudioVersion = 12.0.31101.0
MinimumVisualStudioVersion = 10.0.40219.1
Project("{FAE04EC0-301F-11D3-BF4B-00C04F79EFBC}") = "tcpSlaveService", "listener\tcpSlaveService.csproj", "{E565E90B-CA43-4472-A9A1-4D2847A94B9A}"
	ProjectSection(ProjectDependencies) = postProject
		{13642BBB-1914-49B0-B845-7FCE91E68723} = {13642BBB-1914-49B0-B845-7FCE91E68723}
	EndProjectSection
EndProject
Project("{FAE04EC0-301F-11D3-BF4B-00C04F79EFBC}") = "shared", "shared\shared.csproj", "{13642BBB-1914-49B0-B845-7FCE91E68723}"
EndProject
Project("{FAE04EC0-301F-11D3-BF4B-00C04F79EFBC}") = "tcpController", "tcpController\tcpController.csproj", "{29849492-C2D3-43B4-A494-CA4A93BAABF7}"
EndProject
Project("{FAE04EC0-301F-11D3-BF4B-00C04F79EFBC}") = "simpleTask", "Simpletask\simpleTask.csproj", "{42702812-115C-4870-AA9F-6382A0DE42E2}"
EndProject
Project("{FAE04EC0-301F-11D3-BF4B-00C04F79EFBC}") = "tcpMasterService", "tcpMainService\tcpMasterService.csproj", "{E9A31C8B-8406-4CD6-A998-9A2A165A14A1}"
EndProject
Project("{F5034706-568F-408A-B7B3-4D38C6DB8A32}") = "powerShellInstaller", "installer\powerShellInstaller.pssproj", "{6CAFC0C6-A428-4D30-A9F9-700E829FEA51}"
EndProject
Project("{FAE04EC0-301F-11D3-BF4B-00C04F79EFBC}") = "testClient", "testClient\testClient.csproj", "{6123A1F7-06B0-4B26-A7AA-9A667151D4F8}"
	ProjectSection(ProjectDependencies) = postProject
		{13642BBB-1914-49B0-B845-7FCE91E68723} = {13642BBB-1914-49B0-B845-7FCE91E68723}
	EndProjectSection
EndProject
Project("{2150E333-8FDC-42A3-9474-1A3956D46DE8}") = "test", "test", "{665B0044-7F2D-42C9-A39C-949BF70D7222}"
EndProject
Project("{2150E333-8FDC-42A3-9474-1A3956D46DE8}") = "main solution", "main solution", "{5642EE5E-63A3-4C91-9446-7FA985B52306}"
EndProject
Project("{2150E333-8FDC-42A3-9474-1A3956D46DE8}") = "shared elements", "shared elements", "{D67D251B-6F1E-4704-ADD7-25C69745BB54}"
EndProject
Project("{FAE04EC0-301F-11D3-BF4B-00C04F79EFBC}") = "testServer", "testServer\testServer.csproj", "{0F7A0D41-B336-4F6E-A0C3-4FAB24454649}"
	ProjectSection(ProjectDependencies) = postProject
		{13642BBB-1914-49B0-B845-7FCE91E68723} = {13642BBB-1914-49B0-B845-7FCE91E68723}
	EndProjectSection
EndProject
Global
	GlobalSection(SolutionConfigurationPlatforms) = preSolution
		Debug|Any CPU = Debug|Any CPU
		project|Any CPU = project|Any CPU
		Release|Any CPU = Release|Any CPU
		test|Any CPU = test|Any CPU
	EndGlobalSection
	GlobalSection(ProjectConfigurationPlatforms) = postSolution
		{E565E90B-CA43-4472-A9A1-4D2847A94B9A}.Debug|Any CPU.ActiveCfg = Debug|Any CPU
		{E565E90B-CA43-4472-A9A1-4D2847A94B9A}.Debug|Any CPU.Build.0 = Debug|Any CPU
		{E565E90B-CA43-4472-A9A1-4D2847A94B9A}.project|Any CPU.ActiveCfg = Debug|Any CPU
		{E565E90B-CA43-4472-A9A1-4D2847A94B9A}.project|Any CPU.Build.0 = Debug|Any CPU
		{E565E90B-CA43-4472-A9A1-4D2847A94B9A}.Release|Any CPU.ActiveCfg = Release|Any CPU
		{E565E90B-CA43-4472-A9A1-4D2847A94B9A}.Release|Any CPU.Build.0 = Release|Any CPU
		{E565E90B-CA43-4472-A9A1-4D2847A94B9A}.test|Any CPU.ActiveCfg = test|Any CPU
		{13642BBB-1914-49B0-B845-7FCE91E68723}.Debug|Any CPU.ActiveCfg = Debug|Any CPU
		{13642BBB-1914-49B0-B845-7FCE91E68723}.Debug|Any CPU.Build.0 = Debug|Any CPU
		{13642BBB-1914-49B0-B845-7FCE91E68723}.project|Any CPU.ActiveCfg = Debug|Any CPU
		{13642BBB-1914-49B0-B845-7FCE91E68723}.project|Any CPU.Build.0 = Debug|Any CPU
		{13642BBB-1914-49B0-B845-7FCE91E68723}.Release|Any CPU.ActiveCfg = Release|Any CPU
		{13642BBB-1914-49B0-B845-7FCE91E68723}.Release|Any CPU.Build.0 = Release|Any CPU
		{13642BBB-1914-49B0-B845-7FCE91E68723}.test|Any CPU.ActiveCfg = test|Any CPU
		{13642BBB-1914-49B0-B845-7FCE91E68723}.test|Any CPU.Build.0 = test|Any CPU
		{29849492-C2D3-43B4-A494-CA4A93BAABF7}.Debug|Any CPU.ActiveCfg = Debug|Any CPU
		{29849492-C2D3-43B4-A494-CA4A93BAABF7}.Debug|Any CPU.Build.0 = Debug|Any CPU
		{29849492-C2D3-43B4-A494-CA4A93BAABF7}.project|Any CPU.ActiveCfg = Debug|Any CPU
		{29849492-C2D3-43B4-A494-CA4A93BAABF7}.project|Any CPU.Build.0 = Debug|Any CPU
		{29849492-C2D3-43B4-A494-CA4A93BAABF7}.Release|Any CPU.ActiveCfg = Release|Any CPU
		{29849492-C2D3-43B4-A494-CA4A93BAABF7}.Release|Any CPU.Build.0 = Release|Any CPU
		{29849492-C2D3-43B4-A494-CA4A93BAABF7}.test|Any CPU.ActiveCfg = test|Any CPU
		{42702812-115C-4870-AA9F-6382A0DE42E2}.Debug|Any CPU.ActiveCfg = Debug|Any CPU
		{42702812-115C-4870-AA9F-6382A0DE42E2}.Debug|Any CPU.Build.0 = Debug|Any CPU
		{42702812-115C-4870-AA9F-6382A0DE42E2}.project|Any CPU.ActiveCfg = Debug|Any CPU
		{42702812-115C-4870-AA9F-6382A0DE42E2}.project|Any CPU.Build.0 = Debug|Any CPU
		{42702812-115C-4870-AA9F-6382A0DE42E2}.Release|Any CPU.ActiveCfg = Release|Any CPU
		{42702812-115C-4870-AA9F-6382A0DE42E2}.Release|Any CPU.Build.0 = Release|Any CPU
		{42702812-115C-4870-AA9F-6382A0DE42E2}.test|Any CPU.ActiveCfg = test|Any CPU
		{E9A31C8B-8406-4CD6-A998-9A2A165A14A1}.Debug|Any CPU.ActiveCfg = Debug|Any CPU
		{E9A31C8B-8406-4CD6-A998-9A2A165A14A1}.Debug|Any CPU.Build.0 = Debug|Any CPU
		{E9A31C8B-8406-4CD6-A998-9A2A165A14A1}.project|Any CPU.ActiveCfg = Debug|Any CPU
		{E9A31C8B-8406-4CD6-A998-9A2A165A14A1}.project|Any CPU.Build.0 = Debug|Any CPU
		{E9A31C8B-8406-4CD6-A998-9A2A165A14A1}.Release|Any CPU.ActiveCfg = Release|Any CPU
		{E9A31C8B-8406-4CD6-A998-9A2A165A14A1}.Release|Any CPU.Build.0 = Release|Any CPU
		{E9A31C8B-8406-4CD6-A998-9A2A165A14A1}.test|Any CPU.ActiveCfg = test|Any CPU
		{6CAFC0C6-A428-4D30-A9F9-700E829FEA51}.Debug|Any CPU.ActiveCfg = Debug|Any CPU
		{6CAFC0C6-A428-4D30-A9F9-700E829FEA51}.Debug|Any CPU.Build.0 = Debug|Any CPU
		{6CAFC0C6-A428-4D30-A9F9-700E829FEA51}.project|Any CPU.ActiveCfg = Debug|Any CPU
		{6CAFC0C6-A428-4D30-A9F9-700E829FEA51}.project|Any CPU.Build.0 = Debug|Any CPU
		{6CAFC0C6-A428-4D30-A9F9-700E829FEA51}.Release|Any CPU.ActiveCfg = Release|Any CPU
		{6CAFC0C6-A428-4D30-A9F9-700E829FEA51}.Release|Any CPU.Build.0 = Release|Any CPU
		{6CAFC0C6-A428-4D30-A9F9-700E829FEA51}.test|Any CPU.ActiveCfg = test|Any CPU
		{6123A1F7-06B0-4B26-A7AA-9A667151D4F8}.Debug|Any CPU.ActiveCfg = Debug|Any CPU
		{6123A1F7-06B0-4B26-A7AA-9A667151D4F8}.Debug|Any CPU.Build.0 = Debug|Any CPU
		{6123A1F7-06B0-4B26-A7AA-9A667151D4F8}.project|Any CPU.ActiveCfg = Debug|Any CPU
		{6123A1F7-06B0-4B26-A7AA-9A667151D4F8}.Release|Any CPU.ActiveCfg = Release|Any CPU
		{6123A1F7-06B0-4B26-A7AA-9A667151D4F8}.Release|Any CPU.Build.0 = Release|Any CPU
		{6123A1F7-06B0-4B26-A7AA-9A667151D4F8}.test|Any CPU.ActiveCfg = test|Any CPU
		{6123A1F7-06B0-4B26-A7AA-9A667151D4F8}.test|Any CPU.Build.0 = test|Any CPU
		{0F7A0D41-B336-4F6E-A0C3-4FAB24454649}.Debug|Any CPU.ActiveCfg = Debug|Any CPU
		{0F7A0D41-B336-4F6E-A0C3-4FAB24454649}.Debug|Any CPU.Build.0 = Debug|Any CPU
		{0F7A0D41-B336-4F6E-A0C3-4FAB24454649}.project|Any CPU.ActiveCfg = Release|Any CPU
		{0F7A0D41-B336-4F6E-A0C3-4FAB24454649}.project|Any CPU.Build.0 = Release|Any CPU
		{0F7A0D41-B336-4F6E-A0C3-4FAB24454649}.Release|Any CPU.ActiveCfg = Release|Any CPU
		{0F7A0D41-B336-4F6E-A0C3-4FAB24454649}.Release|Any CPU.Build.0 = Release|Any CPU
		{0F7A0D41-B336-4F6E-A0C3-4FAB24454649}.test|Any CPU.ActiveCfg = Release|Any CPU
		{0F7A0D41-B336-4F6E-A0C3-4FAB24454649}.test|Any CPU.Build.0 = Release|Any CPU
	EndGlobalSection
	GlobalSection(SolutionProperties) = preSolution
		HideSolutionNode = FALSE
	EndGlobalSection
	GlobalSection(NestedProjects) = preSolution
		{E565E90B-CA43-4472-A9A1-4D2847A94B9A} = {5642EE5E-63A3-4C91-9446-7FA985B52306}
		{13642BBB-1914-49B0-B845-7FCE91E68723} = {D67D251B-6F1E-4704-ADD7-25C69745BB54}
		{29849492-C2D3-43B4-A494-CA4A93BAABF7} = {5642EE5E-63A3-4C91-9446-7FA985B52306}
		{42702812-115C-4870-AA9F-6382A0DE42E2} = {5642EE5E-63A3-4C91-9446-7FA985B52306}
		{E9A31C8B-8406-4CD6-A998-9A2A165A14A1} = {5642EE5E-63A3-4C91-9446-7FA985B52306}
		{6123A1F7-06B0-4B26-A7AA-9A667151D4F8} = {665B0044-7F2D-42C9-A39C-949BF70D7222}
		{0F7A0D41-B336-4F6E-A0C3-4FAB24454649} = {665B0044-7F2D-42C9-A39C-949BF70D7222}
	EndGlobalSection
EndGlobal
