
Microsoft Visual Studio Solution File, Format Version 12.00
# Visual Studio 2013
VisualStudioVersion = 12.0.31101.0
MinimumVisualStudioVersion = 10.0.40219.1
Project("{FAE04EC0-301F-11D3-BF4B-00C04F79EFBC}") = "tcpServer_old", "clientServerCSharp\tcpServer_old.csproj", "{3576D0A3-1E7C-4C2F-966A-FB8356782A74}"
	ProjectSection(ProjectDependencies) = postProject
		{13642BBB-1914-49B0-B845-7FCE91E68723} = {13642BBB-1914-49B0-B845-7FCE91E68723}
	EndProjectSection
EndProject
Project("{FAE04EC0-301F-11D3-BF4B-00C04F79EFBC}") = "tcpSlaveService", "listener\tcpSlaveService.csproj", "{E565E90B-CA43-4472-A9A1-4D2847A94B9A}"
	ProjectSection(ProjectDependencies) = postProject
		{13642BBB-1914-49B0-B845-7FCE91E68723} = {13642BBB-1914-49B0-B845-7FCE91E68723}
	EndProjectSection
EndProject
Project("{FAE04EC0-301F-11D3-BF4B-00C04F79EFBC}") = "shared", "shared\shared.csproj", "{13642BBB-1914-49B0-B845-7FCE91E68723}"
EndProject
Project("{FAE04EC0-301F-11D3-BF4B-00C04F79EFBC}") = "tcpController", "tcpController\tcpController.csproj", "{29849492-C2D3-43B4-A494-CA4A93BAABF7}"
EndProject
Project("{FAE04EC0-301F-11D3-BF4B-00C04F79EFBC}") = "Simpletask", "Simpletask\Simpletask.csproj", "{42702812-115C-4870-AA9F-6382A0DE42E2}"
EndProject
Project("{FAE04EC0-301F-11D3-BF4B-00C04F79EFBC}") = "tcpMasterService", "tcpMainService\tcpMasterService.csproj", "{E9A31C8B-8406-4CD6-A998-9A2A165A14A1}"
EndProject
Global
	GlobalSection(SolutionConfigurationPlatforms) = preSolution
		Debug|Any CPU = Debug|Any CPU
		Release|Any CPU = Release|Any CPU
	EndGlobalSection
	GlobalSection(ProjectConfigurationPlatforms) = postSolution
		{3576D0A3-1E7C-4C2F-966A-FB8356782A74}.Debug|Any CPU.ActiveCfg = Debug|Any CPU
		{3576D0A3-1E7C-4C2F-966A-FB8356782A74}.Debug|Any CPU.Build.0 = Debug|Any CPU
		{3576D0A3-1E7C-4C2F-966A-FB8356782A74}.Release|Any CPU.ActiveCfg = Release|Any CPU
		{3576D0A3-1E7C-4C2F-966A-FB8356782A74}.Release|Any CPU.Build.0 = Release|Any CPU
		{E565E90B-CA43-4472-A9A1-4D2847A94B9A}.Debug|Any CPU.ActiveCfg = Debug|Any CPU
		{E565E90B-CA43-4472-A9A1-4D2847A94B9A}.Debug|Any CPU.Build.0 = Debug|Any CPU
		{E565E90B-CA43-4472-A9A1-4D2847A94B9A}.Release|Any CPU.ActiveCfg = Release|Any CPU
		{E565E90B-CA43-4472-A9A1-4D2847A94B9A}.Release|Any CPU.Build.0 = Release|Any CPU
		{13642BBB-1914-49B0-B845-7FCE91E68723}.Debug|Any CPU.ActiveCfg = Debug|Any CPU
		{13642BBB-1914-49B0-B845-7FCE91E68723}.Debug|Any CPU.Build.0 = Debug|Any CPU
		{13642BBB-1914-49B0-B845-7FCE91E68723}.Release|Any CPU.ActiveCfg = Release|Any CPU
		{13642BBB-1914-49B0-B845-7FCE91E68723}.Release|Any CPU.Build.0 = Release|Any CPU
		{29849492-C2D3-43B4-A494-CA4A93BAABF7}.Debug|Any CPU.ActiveCfg = Debug|Any CPU
		{29849492-C2D3-43B4-A494-CA4A93BAABF7}.Debug|Any CPU.Build.0 = Debug|Any CPU
		{29849492-C2D3-43B4-A494-CA4A93BAABF7}.Release|Any CPU.ActiveCfg = Release|Any CPU
		{29849492-C2D3-43B4-A494-CA4A93BAABF7}.Release|Any CPU.Build.0 = Release|Any CPU
		{42702812-115C-4870-AA9F-6382A0DE42E2}.Debug|Any CPU.ActiveCfg = Debug|Any CPU
		{42702812-115C-4870-AA9F-6382A0DE42E2}.Debug|Any CPU.Build.0 = Debug|Any CPU
		{42702812-115C-4870-AA9F-6382A0DE42E2}.Release|Any CPU.ActiveCfg = Release|Any CPU
		{42702812-115C-4870-AA9F-6382A0DE42E2}.Release|Any CPU.Build.0 = Release|Any CPU
		{E9A31C8B-8406-4CD6-A998-9A2A165A14A1}.Debug|Any CPU.ActiveCfg = Debug|Any CPU
		{E9A31C8B-8406-4CD6-A998-9A2A165A14A1}.Debug|Any CPU.Build.0 = Debug|Any CPU
		{E9A31C8B-8406-4CD6-A998-9A2A165A14A1}.Release|Any CPU.ActiveCfg = Release|Any CPU
		{E9A31C8B-8406-4CD6-A998-9A2A165A14A1}.Release|Any CPU.Build.0 = Release|Any CPU
	EndGlobalSection
	GlobalSection(SolutionProperties) = preSolution
		HideSolutionNode = FALSE
	EndGlobalSection
EndGlobal
